
Microsoft Visual Studio Solution File, Format Version 12.00
# Visual Studio Version 16
VisualStudioVersion = 16.0.31424.327
MinimumVisualStudioVersion = 10.0.40219.1
Project("{FAE04EC0-301F-11D3-BF4B-00C04F79EFBC}") = "SistemaWebAlumnos", "SistemaWebAlumnos\SistemaWebAlumnos.csproj", "{33175573-666B-46C6-821C-D6E9015C58FB}"
EndProject
Global
	GlobalSection(SolutionConfigurationPlatforms) = preSolution
		Debug|Any CPU = Debug|Any CPU
		Release|Any CPU = Release|Any CPU
	EndGlobalSection
	GlobalSection(ProjectConfigurationPlatforms) = postSolution
		{33175573-666B-46C6-821C-D6E9015C58FB}.Debug|Any CPU.ActiveCfg = Debug|Any CPU
		{33175573-666B-46C6-821C-D6E9015C58FB}.Debug|Any CPU.Build.0 = Debug|Any CPU
		{33175573-666B-46C6-821C-D6E9015C58FB}.Release|Any CPU.ActiveCfg = Release|Any CPU
		{33175573-666B-46C6-821C-D6E9015C58FB}.Release|Any CPU.Build.0 = Release|Any CPU
	EndGlobalSection
	GlobalSection(SolutionProperties) = preSolution
		HideSolutionNode = FALSE
	EndGlobalSection
	GlobalSection(ExtensibilityGlobals) = postSolution
		SolutionGuid = {B9E9B9BA-4E02-4BA6-B234-BDE5C555757F}
	EndGlobalSection
EndGlobal
