
Microsoft Visual Studio Solution File, Format Version 12.00
# Visual Studio Version 16
VisualStudioVersion = 16.0.31410.357
MinimumVisualStudioVersion = 10.0.40219.1
Project("{FAE04EC0-301F-11D3-BF4B-00C04F79EFBC}") = "SistemaWebEmpleados", "SistemaWebEmpleados\SistemaWebEmpleados.csproj", "{30A67FC2-89F0-4B1B-8A6D-DE390F97E076}"
EndProject
Global
	GlobalSection(SolutionConfigurationPlatforms) = preSolution
		Debug|Any CPU = Debug|Any CPU
		Release|Any CPU = Release|Any CPU
	EndGlobalSection
	GlobalSection(ProjectConfigurationPlatforms) = postSolution
		{30A67FC2-89F0-4B1B-8A6D-DE390F97E076}.Debug|Any CPU.ActiveCfg = Debug|Any CPU
		{30A67FC2-89F0-4B1B-8A6D-DE390F97E076}.Debug|Any CPU.Build.0 = Debug|Any CPU
		{30A67FC2-89F0-4B1B-8A6D-DE390F97E076}.Release|Any CPU.ActiveCfg = Release|Any CPU
		{30A67FC2-89F0-4B1B-8A6D-DE390F97E076}.Release|Any CPU.Build.0 = Release|Any CPU
	EndGlobalSection
	GlobalSection(SolutionProperties) = preSolution
		HideSolutionNode = FALSE
	EndGlobalSection
	GlobalSection(ExtensibilityGlobals) = postSolution
		SolutionGuid = {DC1CC367-AC2E-4607-9AC4-D533B6914E55}
	EndGlobalSection
EndGlobal
