
Microsoft Visual Studio Solution File, Format Version 12.00
# Visual Studio Version 16
VisualStudioVersion = 16.0.31410.357
MinimumVisualStudioVersion = 10.0.40219.1
Project("{FAE04EC0-301F-11D3-BF4B-00C04F79EFBC}") = "AppWindowsFinal", "AppWindowsFinal\AppWindowsFinal.csproj", "{A42A84A5-A7AC-48AD-BC81-C17EF69C0A17}"
EndProject
Global
	GlobalSection(SolutionConfigurationPlatforms) = preSolution
		Debug|Any CPU = Debug|Any CPU
		Release|Any CPU = Release|Any CPU
	EndGlobalSection
	GlobalSection(ProjectConfigurationPlatforms) = postSolution
		{A42A84A5-A7AC-48AD-BC81-C17EF69C0A17}.Debug|Any CPU.ActiveCfg = Debug|Any CPU
		{A42A84A5-A7AC-48AD-BC81-C17EF69C0A17}.Debug|Any CPU.Build.0 = Debug|Any CPU
		{A42A84A5-A7AC-48AD-BC81-C17EF69C0A17}.Release|Any CPU.ActiveCfg = Release|Any CPU
		{A42A84A5-A7AC-48AD-BC81-C17EF69C0A17}.Release|Any CPU.Build.0 = Release|Any CPU
	EndGlobalSection
	GlobalSection(SolutionProperties) = preSolution
		HideSolutionNode = FALSE
	EndGlobalSection
	GlobalSection(ExtensibilityGlobals) = postSolution
		SolutionGuid = {A8C9000F-6AA0-4806-B2EE-2F4C41DC3DB9}
	EndGlobalSection
EndGlobal
